
Microsoft Visual Studio Solution File, Format Version 12.00
# Visual Studio Version 17
VisualStudioVersion = 17.6.33815.320
MinimumVisualStudioVersion = 10.0.40219.1
Project("{8BC9CEB8-8B4A-11D0-8D11-00A0C91BC942}") = "OpenGL_Tutorial", "OpenGL_Tutorial\OpenGL_Tutorial.vcxproj", "{45DF7A3E-8B47-491B-91C6-422E82DDA4D5}"
EndProject
Global
	GlobalSection(SolutionConfigurationPlatforms) = preSolution
		Debug|x64 = Debug|x64
		Debug|x86 = Debug|x86
		Release|x64 = Release|x64
		Release|x86 = Release|x86
	EndGlobalSection
	GlobalSection(ProjectConfigurationPlatforms) = postSolution
		{45DF7A3E-8B47-491B-91C6-422E82DDA4D5}.Debug|x64.ActiveCfg = Debug|x64
		{45DF7A3E-8B47-491B-91C6-422E82DDA4D5}.Debug|x64.Build.0 = Debug|x64
		{45DF7A3E-8B47-491B-91C6-422E82DDA4D5}.Debug|x86.ActiveCfg = Debug|Win32
		{45DF7A3E-8B47-491B-91C6-422E82DDA4D5}.Debug|x86.Build.0 = Debug|Win32
		{45DF7A3E-8B47-491B-91C6-422E82DDA4D5}.Release|x64.ActiveCfg = Release|x64
		{45DF7A3E-8B47-491B-91C6-422E82DDA4D5}.Release|x64.Build.0 = Release|x64
		{45DF7A3E-8B47-491B-91C6-422E82DDA4D5}.Release|x86.ActiveCfg = Release|Win32
		{45DF7A3E-8B47-491B-91C6-422E82DDA4D5}.Release|x86.Build.0 = Release|Win32
	EndGlobalSection
	GlobalSection(SolutionProperties) = preSolution
		HideSolutionNode = FALSE
	EndGlobalSection
	GlobalSection(ExtensibilityGlobals) = postSolution
		SolutionGuid = {AD654C68-9E7D-43C1-9FFB-D4023D982E83}
	EndGlobalSection
EndGlobal
